{
  "name": "bkeys818.com",
  "version": "1.0.0",
  "lockfileVersion": 2,
  "requires": true,
  "packages": {
    "": {
      "version": "1.0.0",
      "license": "UNLICENSED",
      "dependencies": {
        "cheerio": "^1.0.0-rc.5",
        "sass": "^1.32.0",
        "typescript": "^4.2.2"
      },
      "devDependencies": {
        "@types/jquery": "^3.5.5",
        "@types/node": "^14.14.31"
      }
    },
    "node_modules/@types/jquery": {
      "version": "3.5.5",
      "resolved": "https://registry.npmjs.org/@types/jquery/-/jquery-3.5.5.tgz",
      "integrity": "sha512-6RXU9Xzpc6vxNrS6FPPapN1SxSHgQ336WC6Jj/N8q30OiaBZ00l1GBgeP7usjVZPivSkGUfL1z/WW6TX989M+w==",
      "dev": true,
      "dependencies": {
        "@types/sizzle": "*"
      }
    },
    "node_modules/@types/node": {
      "version": "14.14.31",
      "resolved": "https://registry.npmjs.org/@types/node/-/node-14.14.31.tgz",
      "integrity": "sha512-vFHy/ezP5qI0rFgJ7aQnjDXwAMrG0KqqIH7tQG5PPv3BWBayOPIQNBjVc/P6hhdZfMx51REc6tfDNXHUio893g==",
      "dev": true
    },
    "node_modules/@types/sizzle": {
      "version": "2.3.2",
      "resolved": "https://registry.npmjs.org/@types/sizzle/-/sizzle-2.3.2.tgz",
      "integrity": "sha512-7EJYyKTL7tFR8+gDbB6Wwz/arpGa0Mywk1TJbNzKzHtzbwVmY4HR9WqS5VV7dsBUKQmPNr192jHr/VpBluj/hg==",
      "dev": true
    },
    "node_modules/anymatch": {
      "version": "3.1.1",
      "resolved": "https://registry.npmjs.org/anymatch/-/anymatch-3.1.1.tgz",
      "integrity": "sha512-mM8522psRCqzV+6LhomX5wgp25YVibjh8Wj23I5RPkPppSVSjyKD2A2mBJmWGa+KN7f2D6LNh9jkBCeyLktzjg==",
      "dependencies": {
        "normalize-path": "^3.0.0",
        "picomatch": "^2.0.4"
      },
      "engines": {
        "node": ">= 8"
      }
    },
    "node_modules/binary-extensions": {
      "version": "2.2.0",
      "resolved": "https://registry.npmjs.org/binary-extensions/-/binary-extensions-2.2.0.tgz",
      "integrity": "sha512-jDctJ/IVQbZoJykoeHbhXpOlNBqGNcwXJKJog42E5HDPUwQTSdjCHdihjj0DlnheQ7blbT6dHOafNAiS8ooQKA==",
      "engines": {
        "node": ">=8"
      }
    },
    "node_modules/boolbase": {
      "version": "1.0.0",
      "resolved": "https://registry.npmjs.org/boolbase/-/boolbase-1.0.0.tgz",
      "integrity": "sha1-aN/1++YMUes3cl6p4+0xDcwed24="
    },
    "node_modules/braces": {
      "version": "3.0.2",
      "resolved": "https://registry.npmjs.org/braces/-/braces-3.0.2.tgz",
      "integrity": "sha512-b8um+L1RzM3WDSzvhm6gIz1yfTbBt6YTlcEKAvsmqCZZFw46z626lVj9j1yEPW33H5H+lBQpZMP1k8l+78Ha0A==",
      "dependencies": {
        "fill-range": "^7.0.1"
      },
      "engines": {
        "node": ">=8"
      }
    },
    "node_modules/cheerio": {
      "version": "1.0.0-rc.5",
      "resolved": "https://registry.npmjs.org/cheerio/-/cheerio-1.0.0-rc.5.tgz",
      "integrity": "sha512-yoqps/VCaZgN4pfXtenwHROTp8NG6/Hlt4Jpz2FEP0ZJQ+ZUkVDd0hAPDNKhj3nakpfPt/CNs57yEtxD1bXQiw==",
      "dependencies": {
        "cheerio-select-tmp": "^0.1.0",
        "dom-serializer": "~1.2.0",
        "domhandler": "^4.0.0",
        "entities": "~2.1.0",
        "htmlparser2": "^6.0.0",
        "parse5": "^6.0.0",
        "parse5-htmlparser2-tree-adapter": "^6.0.0"
      },
      "engines": {
        "node": ">= 0.12"
      }
    },
    "node_modules/cheerio-select-tmp": {
      "version": "0.1.1",
      "resolved": "https://registry.npmjs.org/cheerio-select-tmp/-/cheerio-select-tmp-0.1.1.tgz",
      "integrity": "sha512-YYs5JvbpU19VYJyj+F7oYrIE2BOll1/hRU7rEy/5+v9BzkSo3bK81iAeeQEMI92vRIxz677m72UmJUiVwwgjfQ==",
      "deprecated": "Use cheerio-select instead",
      "dependencies": {
        "css-select": "^3.1.2",
        "css-what": "^4.0.0",
        "domelementtype": "^2.1.0",
        "domhandler": "^4.0.0",
        "domutils": "^2.4.4"
      },
      "funding": {
        "url": "https://github.com/sponsors/fb55"
      }
    },
    "node_modules/chokidar": {
      "version": "3.5.1",
      "resolved": "https://registry.npmjs.org/chokidar/-/chokidar-3.5.1.tgz",
      "integrity": "sha512-9+s+Od+W0VJJzawDma/gvBNQqkTiqYTWLuZoyAsivsI4AaWTCzHG06/TMjsf1cYe9Cb97UCEhjz7HvnPk2p/tw==",
      "dependencies": {
        "anymatch": "~3.1.1",
        "braces": "~3.0.2",
        "glob-parent": "~5.1.0",
        "is-binary-path": "~2.1.0",
        "is-glob": "~4.0.1",
        "normalize-path": "~3.0.0",
        "readdirp": "~3.5.0"
      },
      "engines": {
        "node": ">= 8.10.0"
      },
      "optionalDependencies": {
        "fsevents": "~2.3.1"
      }
    },
    "node_modules/css-select": {
      "version": "3.1.2",
      "resolved": "https://registry.npmjs.org/css-select/-/css-select-3.1.2.tgz",
      "integrity": "sha512-qmss1EihSuBNWNNhHjxzxSfJoFBM/lERB/Q4EnsJQQC62R2evJDW481091oAdOr9uh46/0n4nrg0It5cAnj1RA==",
      "dependencies": {
        "boolbase": "^1.0.0",
        "css-what": "^4.0.0",
        "domhandler": "^4.0.0",
        "domutils": "^2.4.3",
        "nth-check": "^2.0.0"
      },
      "funding": {
        "url": "https://github.com/sponsors/fb55"
      }
    },
    "node_modules/css-what": {
      "version": "4.0.0",
      "resolved": "https://registry.npmjs.org/css-what/-/css-what-4.0.0.tgz",
      "integrity": "sha512-teijzG7kwYfNVsUh2H/YN62xW3KK9YhXEgSlbxMlcyjPNvdKJqFx5lrwlJgoFP1ZHlB89iGDlo/JyshKeRhv5A==",
      "engines": {
        "node": ">= 6"
      },
      "funding": {
        "url": "https://github.com/sponsors/fb55"
      }
    },
    "node_modules/dom-serializer": {
      "version": "1.2.0",
      "resolved": "https://registry.npmjs.org/dom-serializer/-/dom-serializer-1.2.0.tgz",
      "integrity": "sha512-n6kZFH/KlCrqs/1GHMOd5i2fd/beQHuehKdWvNNffbGHTr/almdhuVvTVFb3V7fglz+nC50fFusu3lY33h12pA==",
      "dependencies": {
        "domelementtype": "^2.0.1",
        "domhandler": "^4.0.0",
        "entities": "^2.0.0"
      },
      "funding": {
        "url": "https://github.com/cheeriojs/dom-serializer?sponsor=1"
      }
    },
    "node_modules/domelementtype": {
      "version": "2.1.0",
      "resolved": "https://registry.npmjs.org/domelementtype/-/domelementtype-2.1.0.tgz",
      "integrity": "sha512-LsTgx/L5VpD+Q8lmsXSHW2WpA+eBlZ9HPf3erD1IoPF00/3JKHZ3BknUVA2QGDNu69ZNmyFmCWBSO45XjYKC5w==",
      "funding": [
        {
          "type": "github",
          "url": "https://github.com/sponsors/fb55"
        }
      ]
    },
    "node_modules/domhandler": {
      "version": "4.0.0",
      "resolved": "https://registry.npmjs.org/domhandler/-/domhandler-4.0.0.tgz",
      "integrity": "sha512-KPTbnGQ1JeEMQyO1iYXoagsI6so/C96HZiFyByU3T6iAzpXn8EGEvct6unm1ZGoed8ByO2oirxgwxBmqKF9haA==",
      "dependencies": {
        "domelementtype": "^2.1.0"
      },
      "engines": {
        "node": ">= 4"
      },
      "funding": {
        "url": "https://github.com/fb55/domhandler?sponsor=1"
      }
    },
    "node_modules/domutils": {
      "version": "2.4.4",
      "resolved": "https://registry.npmjs.org/domutils/-/domutils-2.4.4.tgz",
      "integrity": "sha512-jBC0vOsECI4OMdD0GC9mGn7NXPLb+Qt6KW1YDQzeQYRUFKmNG8lh7mO5HiELfr+lLQE7loDVI4QcAxV80HS+RA==",
      "dependencies": {
        "dom-serializer": "^1.0.1",
        "domelementtype": "^2.0.1",
        "domhandler": "^4.0.0"
      },
      "funding": {
        "url": "https://github.com/fb55/domutils?sponsor=1"
      }
    },
    "node_modules/entities": {
      "version": "2.1.0",
      "resolved": "https://registry.npmjs.org/entities/-/entities-2.1.0.tgz",
      "integrity": "sha512-hCx1oky9PFrJ611mf0ifBLBRW8lUUVRlFolb5gWRfIELabBlbp9xZvrqZLZAs+NxFnbfQoeGd8wDkygjg7U85w==",
      "funding": {
        "url": "https://github.com/fb55/entities?sponsor=1"
      }
    },
    "node_modules/fill-range": {
      "version": "7.0.1",
      "resolved": "https://registry.npmjs.org/fill-range/-/fill-range-7.0.1.tgz",
      "integrity": "sha512-qOo9F+dMUmC2Lcb4BbVvnKJxTPjCm+RRpe4gDuGrzkL7mEVl/djYSu2OdQ2Pa302N4oqkSg9ir6jaLWJ2USVpQ==",
      "dependencies": {
        "to-regex-range": "^5.0.1"
      },
      "engines": {
        "node": ">=8"
      }
    },
    "node_modules/fsevents": {
      "version": "2.3.2",
      "resolved": "https://registry.npmjs.org/fsevents/-/fsevents-2.3.2.tgz",
      "integrity": "sha512-xiqMQR4xAeHTuB9uWm+fFRcIOgKBMiOBP+eXiyT7jsgVCq1bkVygt00oASowB7EdtpOHaaPgKt812P9ab+DDKA==",
      "hasInstallScript": true,
      "optional": true,
      "os": [
        "darwin"
      ],
      "engines": {
        "node": "^8.16.0 || ^10.6.0 || >=11.0.0"
      }
    },
    "node_modules/glob-parent": {
      "version": "5.1.1",
      "resolved": "https://registry.npmjs.org/glob-parent/-/glob-parent-5.1.1.tgz",
      "integrity": "sha512-FnI+VGOpnlGHWZxthPGR+QhR78fuiK0sNLkHQv+bL9fQi57lNNdquIbna/WrfROrolq8GK5Ek6BiMwqL/voRYQ==",
      "dependencies": {
        "is-glob": "^4.0.1"
      },
      "engines": {
        "node": ">= 6"
      }
    },
    "node_modules/htmlparser2": {
      "version": "6.0.0",
      "resolved": "https://registry.npmjs.org/htmlparser2/-/htmlparser2-6.0.0.tgz",
      "integrity": "sha512-numTQtDZMoh78zJpaNdJ9MXb2cv5G3jwUoe3dMQODubZvLoGvTE/Ofp6sHvH8OGKcN/8A47pGLi/k58xHP/Tfw==",
      "funding": [
        "https://github.com/fb55/htmlparser2?sponsor=1",
        {
          "type": "github",
          "url": "https://github.com/sponsors/fb55"
        }
      ],
      "dependencies": {
        "domelementtype": "^2.0.1",
        "domhandler": "^4.0.0",
        "domutils": "^2.4.4",
        "entities": "^2.0.0"
      }
    },
    "node_modules/is-binary-path": {
      "version": "2.1.0",
      "resolved": "https://registry.npmjs.org/is-binary-path/-/is-binary-path-2.1.0.tgz",
      "integrity": "sha512-ZMERYes6pDydyuGidse7OsHxtbI7WVeUEozgR/g7rd0xUimYNlvZRE/K2MgZTjWy725IfelLeVcEM97mmtRGXw==",
      "dependencies": {
        "binary-extensions": "^2.0.0"
      },
      "engines": {
        "node": ">=8"
      }
    },
    "node_modules/is-extglob": {
      "version": "2.1.1",
      "resolved": "https://registry.npmjs.org/is-extglob/-/is-extglob-2.1.1.tgz",
      "integrity": "sha1-qIwCU1eR8C7TfHahueqXc8gz+MI=",
      "engines": {
        "node": ">=0.10.0"
      }
    },
    "node_modules/is-glob": {
      "version": "4.0.1",
      "resolved": "https://registry.npmjs.org/is-glob/-/is-glob-4.0.1.tgz",
      "integrity": "sha512-5G0tKtBTFImOqDnLB2hG6Bp2qcKEFduo4tZu9MT/H6NQv/ghhy30o55ufafxJ/LdH79LLs2Kfrn85TLKyA7BUg==",
      "dependencies": {
        "is-extglob": "^2.1.1"
      },
      "engines": {
        "node": ">=0.10.0"
      }
    },
    "node_modules/is-number": {
      "version": "7.0.0",
      "resolved": "https://registry.npmjs.org/is-number/-/is-number-7.0.0.tgz",
      "integrity": "sha512-41Cifkg6e8TylSpdtTpeLVMqvSBEVzTttHvERD741+pnZ8ANv0004MRL43QKPDlK9cGvNp6NZWZUBlbGXYxxng==",
      "engines": {
        "node": ">=0.12.0"
      }
    },
    "node_modules/normalize-path": {
      "version": "3.0.0",
      "resolved": "https://registry.npmjs.org/normalize-path/-/normalize-path-3.0.0.tgz",
      "integrity": "sha512-6eZs5Ls3WtCisHWp9S2GUy8dqkpGi4BVSz3GaqiE6ezub0512ESztXUwUB6C6IKbQkY2Pnb/mD4WYojCRwcwLA==",
      "engines": {
        "node": ">=0.10.0"
      }
    },
    "node_modules/nth-check": {
      "version": "2.0.0",
      "resolved": "https://registry.npmjs.org/nth-check/-/nth-check-2.0.0.tgz",
      "integrity": "sha512-i4sc/Kj8htBrAiH1viZ0TgU8Y5XqCaV/FziYK6TBczxmeKm3AEFWqqF3195yKudrarqy7Zu80Ra5dobFjn9X/Q==",
      "dependencies": {
        "boolbase": "^1.0.0"
      },
      "funding": {
        "url": "https://github.com/fb55/nth-check?sponsor=1"
      }
    },
    "node_modules/parse5": {
      "version": "6.0.1",
      "resolved": "https://registry.npmjs.org/parse5/-/parse5-6.0.1.tgz",
      "integrity": "sha512-Ofn/CTFzRGTTxwpNEs9PP93gXShHcTq255nzRYSKe8AkVpZY7e1fpmTfOyoIvjP5HG7Z2ZM7VS9PPhQGW2pOpw=="
    },
    "node_modules/parse5-htmlparser2-tree-adapter": {
      "version": "6.0.1",
      "resolved": "https://registry.npmjs.org/parse5-htmlparser2-tree-adapter/-/parse5-htmlparser2-tree-adapter-6.0.1.tgz",
      "integrity": "sha512-qPuWvbLgvDGilKc5BoicRovlT4MtYT6JfJyBOMDsKoiT+GiuP5qyrPCnR9HcPECIJJmZh5jRndyNThnhhb/vlA==",
      "dependencies": {
        "parse5": "^6.0.1"
      }
    },
    "node_modules/picomatch": {
      "version": "2.2.2",
      "resolved": "https://registry.npmjs.org/picomatch/-/picomatch-2.2.2.tgz",
      "integrity": "sha512-q0M/9eZHzmr0AulXyPwNfZjtwZ/RBZlbN3K3CErVrk50T2ASYI7Bye0EvekFY3IP1Nt2DHu0re+V2ZHIpMkuWg==",
      "engines": {
        "node": ">=8.6"
      },
      "funding": {
        "url": "https://github.com/sponsors/jonschlinkert"
      }
    },
    "node_modules/readdirp": {
      "version": "3.5.0",
      "resolved": "https://registry.npmjs.org/readdirp/-/readdirp-3.5.0.tgz",
      "integrity": "sha512-cMhu7c/8rdhkHXWsY+osBhfSy0JikwpHK/5+imo+LpeasTF8ouErHrlYkwT0++njiyuDvc7OFY5T3ukvZ8qmFQ==",
      "dependencies": {
        "picomatch": "^2.2.1"
      },
      "engines": {
        "node": ">=8.10.0"
      }
    },
    "node_modules/sass": {
      "version": "1.32.8",
      "resolved": "https://registry.npmjs.org/sass/-/sass-1.32.8.tgz",
      "integrity": "sha512-Sl6mIeGpzjIUZqvKnKETfMf0iDAswD9TNlv13A7aAF3XZlRPMq4VvJWBC2N2DXbp94MQVdNSFG6LfF/iOXrPHQ==",
      "dependencies": {
        "chokidar": ">=2.0.0 <4.0.0"
      },
      "bin": {
        "sass": "sass.js"
      },
      "engines": {
        "node": ">=8.9.0"
      }
    },
    "node_modules/to-regex-range": {
      "version": "5.0.1",
      "resolved": "https://registry.npmjs.org/to-regex-range/-/to-regex-range-5.0.1.tgz",
      "integrity": "sha512-65P7iz6X5yEr1cwcgvQxbbIw7Uk3gOy5dIdtZ4rDveLqhrdJP+Li/Hx6tyK0NEb+2GCyneCMJiGqrADCSNk8sQ==",
      "dependencies": {
        "is-number": "^7.0.0"
      },
      "engines": {
        "node": ">=8.0"
      }
    },
    "node_modules/typescript": {
      "version": "4.2.2",
      "resolved": "https://registry.npmjs.org/typescript/-/typescript-4.2.2.tgz",
      "integrity": "sha512-tbb+NVrLfnsJy3M59lsDgrzWIflR4d4TIUjz+heUnHZwdF7YsrMTKoRERiIvI2lvBG95dfpLxB21WZhys1bgaQ==",
      "bin": {
        "tsc": "bin/tsc",
        "tsserver": "bin/tsserver"
      },
      "engines": {
        "node": ">=4.2.0"
      }
    }
  },
  "dependencies": {
    "@types/jquery": {
      "version": "3.5.5",
      "resolved": "https://registry.npmjs.org/@types/jquery/-/jquery-3.5.5.tgz",
      "integrity": "sha512-6RXU9Xzpc6vxNrS6FPPapN1SxSHgQ336WC6Jj/N8q30OiaBZ00l1GBgeP7usjVZPivSkGUfL1z/WW6TX989M+w==",
      "dev": true,
      "requires": {
        "@types/sizzle": "*"
      }
    },
    "@types/node": {
      "version": "14.14.31",
      "resolved": "https://registry.npmjs.org/@types/node/-/node-14.14.31.tgz",
      "integrity": "sha512-vFHy/ezP5qI0rFgJ7aQnjDXwAMrG0KqqIH7tQG5PPv3BWBayOPIQNBjVc/P6hhdZfMx51REc6tfDNXHUio893g==",
      "dev": true
    },
    "@types/sizzle": {
      "version": "2.3.2",
      "resolved": "https://registry.npmjs.org/@types/sizzle/-/sizzle-2.3.2.tgz",
      "integrity": "sha512-7EJYyKTL7tFR8+gDbB6Wwz/arpGa0Mywk1TJbNzKzHtzbwVmY4HR9WqS5VV7dsBUKQmPNr192jHr/VpBluj/hg==",
      "dev": true
    },
    "anymatch": {
      "version": "3.1.1",
      "resolved": "https://registry.npmjs.org/anymatch/-/anymatch-3.1.1.tgz",
      "integrity": "sha512-mM8522psRCqzV+6LhomX5wgp25YVibjh8Wj23I5RPkPppSVSjyKD2A2mBJmWGa+KN7f2D6LNh9jkBCeyLktzjg==",
      "requires": {
        "normalize-path": "^3.0.0",
        "picomatch": "^2.0.4"
      }
    },
    "binary-extensions": {
      "version": "2.2.0",
      "resolved": "https://registry.npmjs.org/binary-extensions/-/binary-extensions-2.2.0.tgz",
      "integrity": "sha512-jDctJ/IVQbZoJykoeHbhXpOlNBqGNcwXJKJog42E5HDPUwQTSdjCHdihjj0DlnheQ7blbT6dHOafNAiS8ooQKA=="
    },
    "boolbase": {
      "version": "1.0.0",
      "resolved": "https://registry.npmjs.org/boolbase/-/boolbase-1.0.0.tgz",
      "integrity": "sha1-aN/1++YMUes3cl6p4+0xDcwed24="
    },
    "braces": {
      "version": "3.0.2",
      "resolved": "https://registry.npmjs.org/braces/-/braces-3.0.2.tgz",
      "integrity": "sha512-b8um+L1RzM3WDSzvhm6gIz1yfTbBt6YTlcEKAvsmqCZZFw46z626lVj9j1yEPW33H5H+lBQpZMP1k8l+78Ha0A==",
      "requires": {
        "fill-range": "^7.0.1"
      }
    },
    "cheerio": {
      "version": "1.0.0-rc.5",
      "resolved": "https://registry.npmjs.org/cheerio/-/cheerio-1.0.0-rc.5.tgz",
      "integrity": "sha512-yoqps/VCaZgN4pfXtenwHROTp8NG6/Hlt4Jpz2FEP0ZJQ+ZUkVDd0hAPDNKhj3nakpfPt/CNs57yEtxD1bXQiw==",
      "requires": {
        "cheerio-select-tmp": "^0.1.0",
        "dom-serializer": "~1.2.0",
        "domhandler": "^4.0.0",
        "entities": "~2.1.0",
        "htmlparser2": "^6.0.0",
        "parse5": "^6.0.0",
        "parse5-htmlparser2-tree-adapter": "^6.0.0"
      }
    },
    "cheerio-select-tmp": {
      "version": "0.1.1",
      "resolved": "https://registry.npmjs.org/cheerio-select-tmp/-/cheerio-select-tmp-0.1.1.tgz",
      "integrity": "sha512-YYs5JvbpU19VYJyj+F7oYrIE2BOll1/hRU7rEy/5+v9BzkSo3bK81iAeeQEMI92vRIxz677m72UmJUiVwwgjfQ==",
      "requires": {
        "css-select": "^3.1.2",
        "css-what": "^4.0.0",
        "domelementtype": "^2.1.0",
        "domhandler": "^4.0.0",
        "domutils": "^2.4.4"
      }
    },
    "chokidar": {
      "version": "3.5.1",
      "resolved": "https://registry.npmjs.org/chokidar/-/chokidar-3.5.1.tgz",
      "integrity": "sha512-9+s+Od+W0VJJzawDma/gvBNQqkTiqYTWLuZoyAsivsI4AaWTCzHG06/TMjsf1cYe9Cb97UCEhjz7HvnPk2p/tw==",
      "requires": {
        "anymatch": "~3.1.1",
        "braces": "~3.0.2",
        "fsevents": "~2.3.1",
        "glob-parent": "~5.1.0",
        "is-binary-path": "~2.1.0",
        "is-glob": "~4.0.1",
        "normalize-path": "~3.0.0",
        "readdirp": "~3.5.0"
      }
    },
    "css-select": {
      "version": "3.1.2",
      "resolved": "https://registry.npmjs.org/css-select/-/css-select-3.1.2.tgz",
      "integrity": "sha512-qmss1EihSuBNWNNhHjxzxSfJoFBM/lERB/Q4EnsJQQC62R2evJDW481091oAdOr9uh46/0n4nrg0It5cAnj1RA==",
      "requires": {
        "boolbase": "^1.0.0",
        "css-what": "^4.0.0",
        "domhandler": "^4.0.0",
        "domutils": "^2.4.3",
        "nth-check": "^2.0.0"
      }
    },
    "css-what": {
      "version": "4.0.0",
      "resolved": "https://registry.npmjs.org/css-what/-/css-what-4.0.0.tgz",
      "integrity": "sha512-teijzG7kwYfNVsUh2H/YN62xW3KK9YhXEgSlbxMlcyjPNvdKJqFx5lrwlJgoFP1ZHlB89iGDlo/JyshKeRhv5A=="
    },
    "dom-serializer": {
      "version": "1.2.0",
      "resolved": "https://registry.npmjs.org/dom-serializer/-/dom-serializer-1.2.0.tgz",
      "integrity": "sha512-n6kZFH/KlCrqs/1GHMOd5i2fd/beQHuehKdWvNNffbGHTr/almdhuVvTVFb3V7fglz+nC50fFusu3lY33h12pA==",
      "requires": {
        "domelementtype": "^2.0.1",
        "domhandler": "^4.0.0",
        "entities": "^2.0.0"
      }
    },
    "domelementtype": {
      "version": "2.1.0",
      "resolved": "https://registry.npmjs.org/domelementtype/-/domelementtype-2.1.0.tgz",
      "integrity": "sha512-LsTgx/L5VpD+Q8lmsXSHW2WpA+eBlZ9HPf3erD1IoPF00/3JKHZ3BknUVA2QGDNu69ZNmyFmCWBSO45XjYKC5w=="
    },
    "domhandler": {
      "version": "4.0.0",
      "resolved": "https://registry.npmjs.org/domhandler/-/domhandler-4.0.0.tgz",
      "integrity": "sha512-KPTbnGQ1JeEMQyO1iYXoagsI6so/C96HZiFyByU3T6iAzpXn8EGEvct6unm1ZGoed8ByO2oirxgwxBmqKF9haA==",
      "requires": {
        "domelementtype": "^2.1.0"
      }
    },
    "domutils": {
      "version": "2.4.4",
      "resolved": "https://registry.npmjs.org/domutils/-/domutils-2.4.4.tgz",
      "integrity": "sha512-jBC0vOsECI4OMdD0GC9mGn7NXPLb+Qt6KW1YDQzeQYRUFKmNG8lh7mO5HiELfr+lLQE7loDVI4QcAxV80HS+RA==",
      "requires": {
        "dom-serializer": "^1.0.1",
        "domelementtype": "^2.0.1",
        "domhandler": "^4.0.0"
      }
    },
    "entities": {
      "version": "2.1.0",
      "resolved": "https://registry.npmjs.org/entities/-/entities-2.1.0.tgz",
      "integrity": "sha512-hCx1oky9PFrJ611mf0ifBLBRW8lUUVRlFolb5gWRfIELabBlbp9xZvrqZLZAs+NxFnbfQoeGd8wDkygjg7U85w=="
    },
    "fill-range": {
      "version": "7.0.1",
      "resolved": "https://registry.npmjs.org/fill-range/-/fill-range-7.0.1.tgz",
      "integrity": "sha512-qOo9F+dMUmC2Lcb4BbVvnKJxTPjCm+RRpe4gDuGrzkL7mEVl/djYSu2OdQ2Pa302N4oqkSg9ir6jaLWJ2USVpQ==",
      "requires": {
        "to-regex-range": "^5.0.1"
      }
    },
    "fsevents": {
      "version": "2.3.2",
      "resolved": "https://registry.npmjs.org/fsevents/-/fsevents-2.3.2.tgz",
      "integrity": "sha512-xiqMQR4xAeHTuB9uWm+fFRcIOgKBMiOBP+eXiyT7jsgVCq1bkVygt00oASowB7EdtpOHaaPgKt812P9ab+DDKA==",
      "optional": true
    },
    "glob-parent": {
      "version": "5.1.1",
      "resolved": "https://registry.npmjs.org/glob-parent/-/glob-parent-5.1.1.tgz",
      "integrity": "sha512-FnI+VGOpnlGHWZxthPGR+QhR78fuiK0sNLkHQv+bL9fQi57lNNdquIbna/WrfROrolq8GK5Ek6BiMwqL/voRYQ==",
      "requires": {
        "is-glob": "^4.0.1"
      }
    },
    "htmlparser2": {
      "version": "6.0.0",
      "resolved": "https://registry.npmjs.org/htmlparser2/-/htmlparser2-6.0.0.tgz",
      "integrity": "sha512-numTQtDZMoh78zJpaNdJ9MXb2cv5G3jwUoe3dMQODubZvLoGvTE/Ofp6sHvH8OGKcN/8A47pGLi/k58xHP/Tfw==",
      "requires": {
        "domelementtype": "^2.0.1",
        "domhandler": "^4.0.0",
        "domutils": "^2.4.4",
        "entities": "^2.0.0"
      }
    },
    "is-binary-path": {
      "version": "2.1.0",
      "resolved": "https://registry.npmjs.org/is-binary-path/-/is-binary-path-2.1.0.tgz",
      "integrity": "sha512-ZMERYes6pDydyuGidse7OsHxtbI7WVeUEozgR/g7rd0xUimYNlvZRE/K2MgZTjWy725IfelLeVcEM97mmtRGXw==",
      "requires": {
        "binary-extensions": "^2.0.0"
      }
    },
    "is-extglob": {
      "version": "2.1.1",
      "resolved": "https://registry.npmjs.org/is-extglob/-/is-extglob-2.1.1.tgz",
      "integrity": "sha1-qIwCU1eR8C7TfHahueqXc8gz+MI="
    },
    "is-glob": {
      "version": "4.0.1",
      "resolved": "https://registry.npmjs.org/is-glob/-/is-glob-4.0.1.tgz",
      "integrity": "sha512-5G0tKtBTFImOqDnLB2hG6Bp2qcKEFduo4tZu9MT/H6NQv/ghhy30o55ufafxJ/LdH79LLs2Kfrn85TLKyA7BUg==",
      "requires": {
        "is-extglob": "^2.1.1"
      }
    },
    "is-number": {
      "version": "7.0.0",
      "resolved": "https://registry.npmjs.org/is-number/-/is-number-7.0.0.tgz",
      "integrity": "sha512-41Cifkg6e8TylSpdtTpeLVMqvSBEVzTttHvERD741+pnZ8ANv0004MRL43QKPDlK9cGvNp6NZWZUBlbGXYxxng=="
    },
    "normalize-path": {
      "version": "3.0.0",
      "resolved": "https://registry.npmjs.org/normalize-path/-/normalize-path-3.0.0.tgz",
      "integrity": "sha512-6eZs5Ls3WtCisHWp9S2GUy8dqkpGi4BVSz3GaqiE6ezub0512ESztXUwUB6C6IKbQkY2Pnb/mD4WYojCRwcwLA=="
    },
    "nth-check": {
      "version": "2.0.0",
      "resolved": "https://registry.npmjs.org/nth-check/-/nth-check-2.0.0.tgz",
      "integrity": "sha512-i4sc/Kj8htBrAiH1viZ0TgU8Y5XqCaV/FziYK6TBczxmeKm3AEFWqqF3195yKudrarqy7Zu80Ra5dobFjn9X/Q==",
      "requires": {
        "boolbase": "^1.0.0"
      }
    },
    "parse5": {
      "version": "6.0.1",
      "resolved": "https://registry.npmjs.org/parse5/-/parse5-6.0.1.tgz",
      "integrity": "sha512-Ofn/CTFzRGTTxwpNEs9PP93gXShHcTq255nzRYSKe8AkVpZY7e1fpmTfOyoIvjP5HG7Z2ZM7VS9PPhQGW2pOpw=="
    },
    "parse5-htmlparser2-tree-adapter": {
      "version": "6.0.1",
      "resolved": "https://registry.npmjs.org/parse5-htmlparser2-tree-adapter/-/parse5-htmlparser2-tree-adapter-6.0.1.tgz",
      "integrity": "sha512-qPuWvbLgvDGilKc5BoicRovlT4MtYT6JfJyBOMDsKoiT+GiuP5qyrPCnR9HcPECIJJmZh5jRndyNThnhhb/vlA==",
      "requires": {
        "parse5": "^6.0.1"
      }
    },
    "picomatch": {
      "version": "2.2.2",
      "resolved": "https://registry.npmjs.org/picomatch/-/picomatch-2.2.2.tgz",
      "integrity": "sha512-q0M/9eZHzmr0AulXyPwNfZjtwZ/RBZlbN3K3CErVrk50T2ASYI7Bye0EvekFY3IP1Nt2DHu0re+V2ZHIpMkuWg=="
    },
    "readdirp": {
      "version": "3.5.0",
      "resolved": "https://registry.npmjs.org/readdirp/-/readdirp-3.5.0.tgz",
      "integrity": "sha512-cMhu7c/8rdhkHXWsY+osBhfSy0JikwpHK/5+imo+LpeasTF8ouErHrlYkwT0++njiyuDvc7OFY5T3ukvZ8qmFQ==",
      "requires": {
        "picomatch": "^2.2.1"
      }
    },
    "sass": {
      "version": "1.32.8",
      "resolved": "https://registry.npmjs.org/sass/-/sass-1.32.8.tgz",
      "integrity": "sha512-Sl6mIeGpzjIUZqvKnKETfMf0iDAswD9TNlv13A7aAF3XZlRPMq4VvJWBC2N2DXbp94MQVdNSFG6LfF/iOXrPHQ==",
      "requires": {
        "chokidar": ">=2.0.0 <4.0.0"
      }
    },
    "to-regex-range": {
      "version": "5.0.1",
      "resolved": "https://registry.npmjs.org/to-regex-range/-/to-regex-range-5.0.1.tgz",
      "integrity": "sha512-65P7iz6X5yEr1cwcgvQxbbIw7Uk3gOy5dIdtZ4rDveLqhrdJP+Li/Hx6tyK0NEb+2GCyneCMJiGqrADCSNk8sQ==",
      "requires": {
        "is-number": "^7.0.0"
      }
    },
    "typescript": {
      "version": "4.2.2",
      "resolved": "https://registry.npmjs.org/typescript/-/typescript-4.2.2.tgz",
      "integrity": "sha512-tbb+NVrLfnsJy3M59lsDgrzWIflR4d4TIUjz+heUnHZwdF7YsrMTKoRERiIvI2lvBG95dfpLxB21WZhys1bgaQ=="
    }
  }
}
